
Microsoft Visual Studio Solution File, Format Version 12.00
# Visual Studio 15
VisualStudioVersion = 15.0.28307.539
MinimumVisualStudioVersion = 10.0.40219.1
Project("{FAE04EC0-301F-11D3-BF4B-00C04F79EFBC}") = "CadastroDeMateriais.Android", "CadastroDeMateriais\CadastroDeMateriais.Android\CadastroDeMateriais.Android.csproj", "{93B57357-BF16-40D0-AD21-268A1646A8A8}"
EndProject
Project("{FAE04EC0-301F-11D3-BF4B-00C04F79EFBC}") = "CadastroDeMateriais", "CadastroDeMateriais\CadastroDeMateriais\CadastroDeMateriais.csproj", "{ADF679ED-F14E-407F-B947-D52DFFF5D671}"
EndProject
Global
	GlobalSection(SolutionConfigurationPlatforms) = preSolution
		Debug|Any CPU = Debug|Any CPU
		Release|Any CPU = Release|Any CPU
	EndGlobalSection
	GlobalSection(ProjectConfigurationPlatforms) = postSolution
		{93B57357-BF16-40D0-AD21-268A1646A8A8}.Debug|Any CPU.ActiveCfg = Debug|Any CPU
		{93B57357-BF16-40D0-AD21-268A1646A8A8}.Debug|Any CPU.Build.0 = Debug|Any CPU
		{93B57357-BF16-40D0-AD21-268A1646A8A8}.Debug|Any CPU.Deploy.0 = Debug|Any CPU
		{93B57357-BF16-40D0-AD21-268A1646A8A8}.Release|Any CPU.ActiveCfg = Release|Any CPU
		{93B57357-BF16-40D0-AD21-268A1646A8A8}.Release|Any CPU.Build.0 = Release|Any CPU
		{93B57357-BF16-40D0-AD21-268A1646A8A8}.Release|Any CPU.Deploy.0 = Release|Any CPU
		{ADF679ED-F14E-407F-B947-D52DFFF5D671}.Debug|Any CPU.ActiveCfg = Debug|Any CPU
		{ADF679ED-F14E-407F-B947-D52DFFF5D671}.Debug|Any CPU.Build.0 = Debug|Any CPU
		{ADF679ED-F14E-407F-B947-D52DFFF5D671}.Debug|Any CPU.Deploy.0 = Debug|Any CPU
		{ADF679ED-F14E-407F-B947-D52DFFF5D671}.Release|Any CPU.ActiveCfg = Release|Any CPU
		{ADF679ED-F14E-407F-B947-D52DFFF5D671}.Release|Any CPU.Build.0 = Release|Any CPU
		{ADF679ED-F14E-407F-B947-D52DFFF5D671}.Release|Any CPU.Deploy.0 = Release|Any CPU
	EndGlobalSection
	GlobalSection(SolutionProperties) = preSolution
		HideSolutionNode = FALSE
	EndGlobalSection
	GlobalSection(ExtensibilityGlobals) = postSolution
		SolutionGuid = {43EA1BF9-76D9-4BC5-BC52-2E47DEFC3806}
	EndGlobalSection
EndGlobal
